// !$*UTF8*$!
{
	archiveVersion = 1;
	classes = {
	};
	objectVersion = 46;
	objects = {

/* Begin PBXBuildFile section */
		04B0BC411CEAB3C700E84404 /* main.m in Sources */ = {isa = PBXBuildFile; fileRef = 04B0BC401CEAB3C700E84404 /* main.m */; };
		04B0BC441CEAB3C700E84404 /* AppDelegate.m in Sources */ = {isa = PBXBuildFile; fileRef = 04B0BC431CEAB3C700E84404 /* AppDelegate.m */; };
		04B0BC471CEAB3C700E84404 /* ViewController.m in Sources */ = {isa = PBXBuildFile; fileRef = 04B0BC461CEAB3C700E84404 /* ViewController.m */; };
		04B0BC4A1CEAB3C700E84404 /* Main.storyboard in Resources */ = {isa = PBXBuildFile; fileRef = 04B0BC481CEAB3C700E84404 /* Main.storyboard */; };
		04B0BC4C1CEAB3C700E84404 /* Images.xcassets in Resources */ = {isa = PBXBuildFile; fileRef = 04B0BC4B1CEAB3C700E84404 /* Images.xcassets */; };
		04B0BC4F1CEAB3C700E84404 /* LaunchScreen.xib in Resources */ = {isa = PBXBuildFile; fileRef = 04B0BC4D1CEAB3C700E84404 /* LaunchScreen.xib */; };
		04B0BC5B1CEAB3C700E84404 /* SaveDataFirstTests.m in Sources */ = {isa = PBXBuildFile; fileRef = 04B0BC5A1CEAB3C700E84404 /* SaveDataFirstTests.m */; };
/* End PBXBuildFile section */

/* Begin PBXContainerItemProxy section */
		04B0BC551CEAB3C700E84404 /* PBXContainerItemProxy */ = {
			isa = PBXContainerItemProxy;
			containerPortal = 04B0BC331CEAB3C700E84404 /* Project object */;
			proxyType = 1;
			remoteGlobalIDString = 04B0BC3A1CEAB3C700E84404;
			remoteInfo = SaveDataFirst;
		};
/* End PBXContainerItemProxy section */

/* Begin PBXFileReference section */
		04B0BC3B1CEAB3C700E84404 /* SaveDataFirst.app */ = {isa = PBXFileReference; explicitFileType = wrapper.application; includeInIndex = 0; path = SaveDataFirst.app; sourceTree = BUILT_PRODUCTS_DIR; };
		04B0BC3F1CEAB3C700E84404 /* Info.plist */ = {isa = PBXFileReference; lastKnownFileType = text.plist.xml; path = Info.plist; sourceTree = "<group>"; };
		04B0BC401CEAB3C700E84404 /* main.m */ = {isa = PBXFileReference; lastKnownFileType = sourcecode.c.objc; path = main.m; sourceTree = "<group>"; };
		04B0BC421CEAB3C700E84404 /* AppDelegate.h */ = {isa = PBXFileReference; lastKnownFileType = sourcecode.c.h; path = AppDelegate.h; sourceTree = "<group>"; };
		04B0BC431CEAB3C700E84404 /* AppDelegate.m */ = {isa = PBXFileReference; lastKnownFileType = sourcecode.c.objc; path = AppDelegate.m; sourceTree = "<group>"; };
		04B0BC451CEAB3C700E84404 /* ViewController.h */ = {isa = PBXFileReference; lastKnownFileType = sourcecode.c.h; path = ViewController.h; sourceTree = "<group>"; };
		04B0BC461CEAB3C700E84404 /* ViewController.m */ = {isa = PBXFileReference; lastKnownFileType = sourcecode.c.objc; path = ViewController.m; sourceTree = "<group>"; };
		04B0BC491CEAB3C700E84404 /* Base */ = {isa = PBXFileReference; lastKnownFileType = file.storyboard; name = Base; path = Base.lproj/Main.storyboard; sourceTree = "<group>"; };
		04B0BC4B1CEAB3C700E84404 /* Images.xcassets */ = {isa = PBXFileReference; lastKnownFileType = folder.assetcatalog; path = Images.xcassets; sourceTree = "<group>"; };
		04B0BC4E1CEAB3C700E84404 /* Base */ = {isa = PBXFileReference; lastKnownFileType = file.xib; name = Base; path = Base.lproj/LaunchScreen.xib; sourceTree = "<group>"; };
		04B0BC541CEAB3C700E84404 /* SaveDataFirstTests.xctest */ = {isa = PBXFileReference; explicitFileType = wrapper.cfbundle; includeInIndex = 0; path = SaveDataFirstTests.xctest; sourceTree = BUILT_PRODUCTS_DIR; };
		04B0BC591CEAB3C700E84404 /* Info.plist */ = {isa = PBXFileReference; lastKnownFileType = text.plist.xml; path = Info.plist; sourceTree = "<group>"; };
		04B0BC5A1CEAB3C700E84404 /* SaveDataFirstTests.m */ = {isa = PBXFileReference; lastKnownFileType = sourcecode.c.objc; path = SaveDataFirstTests.m; sourceTree = "<group>"; };
/* End PBXFileReference section */

/* Begin PBXFrameworksBuildPhase section */
		04B0BC381CEAB3C700E84404 /* Frameworks */ = {
			isa = PBXFrameworksBuildPhase;
			buildActionMask = 2147483647;
			files = (
			);
			runOnlyForDeploymentPostprocessing = 0;
		};
		04B0BC511CEAB3C700E84404 /* Frameworks */ = {
			isa = PBXFrameworksBuildPhase;
			buildActionMask = 2147483647;
			files = (
			);
			runOnlyForDeploymentPostprocessing = 0;
		};
/* End PBXFrameworksBuildPhase section */

/* Begin PBXGroup section */
		04B0BC321CEAB3C700E84404 = {
			isa = PBXGroup;
			children = (
				04B0BC3D1CEAB3C700E84404 /* SaveDataFirst */,
				04B0BC571CEAB3C700E84404 /* SaveDataFirstTests */,
				04B0BC3C1CEAB3C700E84404 /* Products */,
			);
			sourceTree = "<group>";
		};
		04B0BC3C1CEAB3C700E84404 /* Products */ = {
			isa = PBXGroup;
			children = (
				04B0BC3B1CEAB3C700E84404 /* SaveDataFirst.app */,
				04B0BC541CEAB3C700E84404 /* SaveDataFirstTests.xctest */,
			);
			name = Products;
			sourceTree = "<group>";
		};
		04B0BC3D1CEAB3C700E84404 /* SaveDataFirst */ = {
			isa = PBXGroup;
			children = (
				04B0BC421CEAB3C700E84404 /* AppDelegate.h */,
				04B0BC431CEAB3C700E84404 /* AppDelegate.m */,
				04B0BC451CEAB3C700E84404 /* ViewController.h */,
				04B0BC461CEAB3C700E84404 /* ViewController.m */,
				04B0BC481CEAB3C700E84404 /* Main.storyboard */,
				04B0BC4B1CEAB3C700E84404 /* Images.xcassets */,
				04B0BC4D1CEAB3C700E84404 /* LaunchScreen.xib */,
				04B0BC3E1CEAB3C700E84404 /* Supporting Files */,
			);
			path = SaveDataFirst;
			sourceTree = "<group>";
		};
		04B0BC3E1CEAB3C700E84404 /* Supporting Files */ = {
			isa = PBXGroup;
			children = (
				04B0BC3F1CEAB3C700E84404 /* Info.plist */,
				04B0BC401CEAB3C700E84404 /* main.m */,
			);
			name = "Supporting Files";
			sourceTree = "<group>";
		};
		04B0BC571CEAB3C700E84404 /* SaveDataFirstTests */ = {
			isa = PBXGroup;
			children = (
				04B0BC5A1CEAB3C700E84404 /* SaveDataFirstTests.m */,
				04B0BC581CEAB3C700E84404 /* Supporting Files */,
			);
			path = SaveDataFirstTests;
			sourceTree = "<group>";
		};
		04B0BC581CEAB3C700E84404 /* Supporting Files */ = {
			isa = PBXGroup;
			children = (
				04B0BC591CEAB3C700E84404 /* Info.plist */,
			);
			name = "Supporting Files";
			sourceTree = "<group>";
		};
/* End PBXGroup section */

/* Begin PBXNativeTarget section */
		04B0BC3A1CEAB3C700E84404 /* SaveDataFirst */ = {
			isa = PBXNativeTarget;
			buildConfigurationList = 04B0BC5E1CEAB3C700E84404 /* Build configuration list for PBXNativeTarget "SaveDataFirst" */;
			buildPhases = (
				04B0BC371CEAB3C700E84404 /* Sources */,
				04B0BC381CEAB3C700E84404 /* Frameworks */,
				04B0BC391CEAB3C700E84404 /* Resources */,
			);
			buildRules = (
			);
			dependencies = (
			);
			name = SaveDataFirst;
			productName = SaveDataFirst;
			productReference = 04B0BC3B1CEAB3C700E84404 /* SaveDataFirst.app */;
			productType = "com.apple.product-type.application";
		};
		04B0BC531CEAB3C700E84404 /* SaveDataFirstTests */ = {
			isa = PBXNativeTarget;
			buildConfigurationList = 04B0BC611CEAB3C700E84404 /* Build configuration list for PBXNativeTarget "SaveDataFirstTests" */;
			buildPhases = (
				04B0BC501CEAB3C700E84404 /* Sources */,
				04B0BC511CEAB3C700E84404 /* Frameworks */,
				04B0BC521CEAB3C700E84404 /* Resources */,
			);
			buildRules = (
			);
			dependencies = (
				04B0BC561CEAB3C700E84404 /* PBXTargetDependency */,
			);
			name = SaveDataFirstTests;
			productName = SaveDataFirstTests;
			productReference = 04B0BC541CEAB3C700E84404 /* SaveDataFirstTests.xctest */;
			productType = "com.apple.product-type.bundle.unit-test";
		};
/* End PBXNativeTarget section */

/* Begin PBXProject section */
		04B0BC331CEAB3C700E84404 /* Project object */ = {
			isa = PBXProject;
			attributes = {
				LastUpgradeCheck = 0610;
				ORGANIZATIONNAME = zhiyou;
				TargetAttributes = {
					04B0BC3A1CEAB3C700E84404 = {
						CreatedOnToolsVersion = 6.1.1;
					};
					04B0BC531CEAB3C700E84404 = {
						CreatedOnToolsVersion = 6.1.1;
						TestTargetID = 04B0BC3A1CEAB3C700E84404;
					};
				};
			};
			buildConfigurationList = 04B0BC361CEAB3C700E84404 /* Build configuration list for PBXProject "SaveDataFirst" */;
			compatibilityVersion = "Xcode 3.2";
			developmentRegion = English;
			hasScannedForEncodings = 0;
			knownRegions = (
				en,
				Base,
			);
			mainGroup = 04B0BC321CEAB3C700E84404;
			productRefGroup = 04B0BC3C1CEAB3C700E84404 /* Products */;
			projectDirPath = "";
			projectRoot = "";
			targets = (
				04B0BC3A1CEAB3C700E84404 /* SaveDataFirst */,
				04B0BC531CEAB3C700E84404 /* SaveDataFirstTests */,
			);
		};
/* End PBXProject section */

/* Begin PBXResourcesBuildPhase section */
		04B0BC391CEAB3C700E84404 /* Resources */ = {
			isa = PBXResourcesBuildPhase;
			buildActionMask = 2147483647;
			files = (
				04B0BC4A1CEAB3C700E84404 /* Main.storyboard in Resources */,
				04B0BC4F1CEAB3C700E84404 /* LaunchScreen.xib in Resources */,
				04B0BC4C1CEAB3C700E84404 /* Images.xcassets in Resources */,
			);
			runOnlyForDeploymentPostprocessing = 0;
		};
		04B0BC521CEAB3C700E84404 /* Resources */ = {
			isa = PBXResourcesBuildPhase;
			buildActionMask = 2147483647;
			files = (
			);
			runOnlyForDeploymentPostprocessing = 0;
		};
/* End PBXResourcesBuildPhase section */

/* Begin PBXSourcesBuildPhase section */
		04B0BC371CEAB3C700E84404 /* Sources */ = {
			isa = PBXSourcesBuildPhase;
			buildActionMask = 2147483647;
			files = (
				04B0BC471CEAB3C700E84404 /* ViewController.m in Sources */,
				04B0BC441CEAB3C700E84404 /* AppDelegate.m in Sources */,
				04B0BC411CEAB3C700E84404 /* main.m in Sources */,
			);
			runOnlyForDeploymentPostprocessing = 0;
		};
		04B0BC501CEAB3C700E84404 /* Sources */ = {
			isa = PBXSourcesBuildPhase;
			buildActionMask = 2147483647;
			files = (
				04B0BC5B1CEAB3C700E84404 /* SaveDataFirstTests.m in Sources */,
			);
			runOnlyForDeploymentPostprocessing = 0;
		};
/* End PBXSourcesBuildPhase section */

/* Begin PBXTargetDependency section */
		04B0BC561CEAB3C700E84404 /* PBXTargetDependency */ = {
			isa = PBXTargetDependency;
			target = 04B0BC3A1CEAB3C700E84404 /* SaveDataFirst */;
			targetProxy = 04B0BC551CEAB3C700E84404 /* PBXContainerItemProxy */;
		};
/* End PBXTargetDependency section */

/* Begin PBXVariantGroup section */
		04B0BC481CEAB3C700E84404 /* Main.storyboard */ = {
			isa = PBXVariantGroup;
			children = (
				04B0BC491CEAB3C700E84404 /* Base */,
			);
			name = Main.storyboard;
			sourceTree = "<group>";
		};
		04B0BC4D1CEAB3C700E84404 /* LaunchScreen.xib */ = {
			isa = PBXVariantGroup;
			children = (
				04B0BC4E1CEAB3C700E84404 /* Base */,
			);
			name = LaunchScreen.xib;
			sourceTree = "<group>";
		};
/* End PBXVariantGroup section */

/* Begin XCBuildConfiguration section */
		04B0BC5C1CEAB3C700E84404 /* Debug */ = {
			isa = XCBuildConfiguration;
			buildSettings = {
				ALWAYS_SEARCH_USER_PATHS = NO;
				CLANG_CXX_LANGUAGE_STANDARD = "gnu++0x";
				CLANG_CXX_LIBRARY = "libc++";
				CLANG_ENABLE_MODULES = YES;
				CLANG_ENABLE_OBJC_ARC = YES;
				CLANG_WARN_BOOL_CONVERSION = YES;
				CLANG_WARN_CONSTANT_CONVERSION = YES;
				CLANG_WARN_DIRECT_OBJC_ISA_USAGE = YES_ERROR;
				CLANG_WARN_EMPTY_BODY = YES;
				CLANG_WARN_ENUM_CONVERSION = YES;
				CLANG_WARN_INT_CONVERSION = YES;
				CLANG_WARN_OBJC_ROOT_CLASS = YES_ERROR;
				CLANG_WARN_UNREACHABLE_CODE = YES;
				CLANG_WARN__DUPLICATE_METHOD_MATCH = YES;
				"CODE_SIGN_IDENTITY[sdk=iphoneos*]" = "iPhone Developer";
				COPY_PHASE_STRIP = NO;
				ENABLE_STRICT_OBJC_MSGSEND = YES;
				GCC_C_LANGUAGE_STANDARD = gnu99;
				GCC_DYNAMIC_NO_PIC = NO;
				GCC_OPTIMIZATION_LEVEL = 0;
				GCC_PREPROCESSOR_DEFINITIONS = (
					"DEBUG=1",
					"$(inherited)",
				);
				GCC_SYMBOLS_PRIVATE_EXTERN = NO;
				GCC_WARN_64_TO_32_BIT_CONVERSION = YES;
				GCC_WARN_ABOUT_RETURN_TYPE = YES_ERROR;
				GCC_WARN_UNDECLARED_SELECTOR = YES;
				GCC_WARN_UNINITIALIZED_AUTOS = YES_AGGRESSIVE;
				GCC_WARN_UNUSED_FUNCTION = YES;
				GCC_WARN_UNUSED_VARIABLE = YES;
				IPHONEOS_DEPLOYMENT_TARGET = 8.1;
				MTL_ENABLE_DEBUG_INFO = YES;
				ONLY_ACTIVE_ARCH = YES;
				SDKROOT = iphoneos;
			};
			name = Debug;
		};
		04B0BC5D1CEAB3C700E84404 /* Release */ = {
			isa = XCBuildConfiguration;
			buildSettings = {
				ALWAYS_SEARCH_USER_PATHS = NO;
				CLANG_CXX_LANGUAGE_STANDARD = "gnu++0x";
				CLANG_CXX_LIBRARY = "libc++";
				CLANG_ENABLE_MODULES = YES;
				CLANG_ENABLE_OBJC_ARC = YES;
				CLANG_WARN_BOOL_CONVERSION = YES;
				CLANG_WARN_CONSTANT_CONVERSION = YES;
				CLANG_WARN_DIRECT_OBJC_ISA_USAGE = YES_ERROR;
				CLANG_WARN_EMPTY_BODY = YES;
				CLANG_WARN_ENUM_CONVERSION = YES;
				CLANG_WARN_INT_CONVERSION = YES;
				CLANG_WARN_OBJC_ROOT_CLASS = YES_ERROR;
				CLANG_WARN_UNREACHABLE_CODE = YES;
				CLANG_WARN__DUPLICATE_METHOD_MATCH = YES;
				"CODE_SIGN_IDENTITY[sdk=iphoneos*]" = "iPhone Developer";
				COPY_PHASE_STRIP = YES;
				ENABLE_NS_ASSERTIONS = NO;
				ENABLE_STRICT_OBJC_MSGSEND = YES;
				GCC_C_LANGUAGE_STANDARD = gnu99;
				GCC_WARN_64_TO_32_BIT_CONVERSION = YES;
				GCC_WARN_ABOUT_RETURN_TYPE = YES_ERROR;
				GCC_WARN_UNDECLARED_SELECTOR = YES;
				GCC_WARN_UNINITIALIZED_AUTOS = YES_AGGRESSIVE;
				GCC_WARN_UNUSED_FUNCTION = YES;
				GCC_WARN_UNUSED_VARIABLE = YES;
				IPHONEOS_DEPLOYMENT_TARGET = 8.1;
				MTL_ENABLE_DEBUG_INFO = NO;
				SDKROOT = iphoneos;
				VALIDATE_PRODUCT = YES;
			};
			name = Release;
		};
		04B0BC5F1CEAB3C700E84404 /* Debug */ = {
			isa = XCBuildConfiguration;
			buildSettings = {
				ASSETCATALOG_COMPILER_APPICON_NAME = AppIcon;
				INFOPLIST_FILE = SaveDataFirst/Info.plist;
				LD_RUNPATH_SEARCH_PATHS = "$(inherited) @executable_path/Frameworks";
				PRODUCT_NAME = "$(TARGET_NAME)";
			};
			name = Debug;
		};
		04B0BC601CEAB3C700E84404 /* Release */ = {
			isa = XCBuildConfiguration;
			buildSettings = {
				ASSETCATALOG_COMPILER_APPICON_NAME = AppIcon;
				INFOPLIST_FILE = SaveDataFirst/Info.plist;
				LD_RUNPATH_SEARCH_PATHS = "$(inherited) @executable_path/Frameworks";
				PRODUCT_NAME = "$(TARGET_NAME)";
			};
			name = Release;
		};
		04B0BC621CEAB3C700E84404 /* Debug */ = {
			isa = XCBuildConfiguration;
			buildSettings = {
				BUNDLE_LOADER = "$(TEST_HOST)";
				FRAMEWORK_SEARCH_PATHS = (
					"$(SDKROOT)/Developer/Library/Frameworks",
					"$(inherited)",
				);
				GCC_PREPROCESSOR_DEFINITIONS = (
					"DEBUG=1",
					"$(inherited)",
				);
				INFOPLIST_FILE = SaveDataFirstTests/Info.plist;
				LD_RUNPATH_SEARCH_PATHS = "$(inherited) @executable_path/Frameworks @loader_path/Frameworks";
				PRODUCT_NAME = "$(TARGET_NAME)";
				TEST_HOST = "$(BUILT_PRODUCTS_DIR)/SaveDataFirst.app/SaveDataFirst";
			};
			name = Debug;
		};
		04B0BC631CEAB3C700E84404 /* Release */ = {
			isa = XCBuildConfiguration;
			buildSettings = {
				BUNDLE_LOADER = "$(TEST_HOST)";
				FRAMEWORK_SEARCH_PATHS = (
					"$(SDKROOT)/Developer/Library/Frameworks",
					"$(inherited)",
				);
				INFOPLIST_FILE = SaveDataFirstTests/Info.plist;
				LD_RUNPATH_SEARCH_PATHS = "$(inherited) @executable_path/Frameworks @loader_path/Frameworks";
				PRODUCT_NAME = "$(TARGET_NAME)";
				TEST_HOST = "$(BUILT_PRODUCTS_DIR)/SaveDataFirst.app/SaveDataFirst";
			};
			name = Release;
		};
/* End XCBuildConfiguration section */

/* Begin XCConfigurationList section */
		04B0BC361CEAB3C700E84404 /* Build configuration list for PBXProject "SaveDataFirst" */ = {
			isa = XCConfigurationList;
			buildConfigurations = (
				04B0BC5C1CEAB3C700E84404 /* Debug */,
				04B0BC5D1CEAB3C700E84404 /* Release */,
			);
			defaultConfigurationIsVisible = 0;
			defaultConfigurationName = Release;
		};
		04B0BC5E1CEAB3C700E84404 /* Build configuration list for PBXNativeTarget "SaveDataFirst" */ = {
			isa = XCConfigurationList;
			buildConfigurations = (
				04B0BC5F1CEAB3C700E84404 /* Debug */,
				04B0BC601CEAB3C700E84404 /* Release */,
			);
			defaultConfigurationIsVisible = 0;
		};
		04B0BC611CEAB3C700E84404 /* Build configuration list for PBXNativeTarget "SaveDataFirstTests" */ = {
			isa = XCConfigurationList;
			buildConfigurations = (
				04B0BC621CEAB3C700E84404 /* Debug */,
				04B0BC631CEAB3C700E84404 /* Release */,
			);
			defaultConfigurationIsVisible = 0;
		};
/* End XCConfigurationList section */
	};
	rootObject = 04B0BC331CEAB3C700E84404 /* Project object */;
}
